
Microsoft Visual Studio Solution File, Format Version 12.00
# Visual Studio Version 17
VisualStudioVersion = 17.9.34622.214
MinimumVisualStudioVersion = 10.0.40219.1
Project("{FAE04EC0-301F-11D3-BF4B-00C04F79EFBC}") = "Lab3_Bai4", "Lab3_Bai4.csproj", "{D4696391-2D1A-479B-A2D0-C304E38C8825}"
EndProject
Global
	GlobalSection(SolutionConfigurationPlatforms) = preSolution
		Debug|Any CPU = Debug|Any CPU
		Release|Any CPU = Release|Any CPU
	EndGlobalSection
	GlobalSection(ProjectConfigurationPlatforms) = postSolution
		{D4696391-2D1A-479B-A2D0-C304E38C8825}.Debug|Any CPU.ActiveCfg = Debug|Any CPU
		{D4696391-2D1A-479B-A2D0-C304E38C8825}.Debug|Any CPU.Build.0 = Debug|Any CPU
		{D4696391-2D1A-479B-A2D0-C304E38C8825}.Release|Any CPU.ActiveCfg = Release|Any CPU
		{D4696391-2D1A-479B-A2D0-C304E38C8825}.Release|Any CPU.Build.0 = Release|Any CPU
	EndGlobalSection
	GlobalSection(SolutionProperties) = preSolution
		HideSolutionNode = FALSE
	EndGlobalSection
	GlobalSection(ExtensibilityGlobals) = postSolution
		SolutionGuid = {A97CAA5D-1024-42AE-8D26-D38B8B054B9C}
	EndGlobalSection
EndGlobal
