
Microsoft Visual Studio Solution File, Format Version 12.00
# Visual Studio Version 17
VisualStudioVersion = 17.9.34723.18
MinimumVisualStudioVersion = 10.0.40219.1
Project("{FAE04EC0-301F-11D3-BF4B-00C04F79EFBC}") = "Lab5_Bai1", "Lab5_Bai1\Lab5_Bai1.csproj", "{ECF0F272-36F2-454E-8A4F-19768C436FC1}"
EndProject
Project("{FAE04EC0-301F-11D3-BF4B-00C04F79EFBC}") = "Lab5_Bai2", "Lab5_Bai2\Lab5_Bai2.csproj", "{409C8332-B44E-47BD-BF17-0BC0FB63B34D}"
EndProject
Project("{FAE04EC0-301F-11D3-BF4B-00C04F79EFBC}") = "Lab5_Bai5", "Lab5_Bai5\Lab5_Bai5.csproj", "{E2AD4B67-E092-4372-B485-097ABC9AF453}"
EndProject
Project("{9A19103F-16F7-4668-BE54-9A1E7A4F7556}") = "Lab5_Bai3", "Lab5_Bai3\Lab5_Bai3.csproj", "{2192256E-9C1C-4636-BA69-23E330F46E25}"
EndProject
Project("{9A19103F-16F7-4668-BE54-9A1E7A4F7556}") = "Lab5_Bai4", "Lab5_Bai4\Lab5_Bai4.csproj", "{170F0501-2759-4312-A5F1-562FA17F8028}"
EndProject
Global
	GlobalSection(SolutionConfigurationPlatforms) = preSolution
		Debug|Any CPU = Debug|Any CPU
		Release|Any CPU = Release|Any CPU
	EndGlobalSection
	GlobalSection(ProjectConfigurationPlatforms) = postSolution
		{ECF0F272-36F2-454E-8A4F-19768C436FC1}.Debug|Any CPU.ActiveCfg = Debug|Any CPU
		{ECF0F272-36F2-454E-8A4F-19768C436FC1}.Debug|Any CPU.Build.0 = Debug|Any CPU
		{ECF0F272-36F2-454E-8A4F-19768C436FC1}.Release|Any CPU.ActiveCfg = Release|Any CPU
		{ECF0F272-36F2-454E-8A4F-19768C436FC1}.Release|Any CPU.Build.0 = Release|Any CPU
		{409C8332-B44E-47BD-BF17-0BC0FB63B34D}.Debug|Any CPU.ActiveCfg = Debug|Any CPU
		{409C8332-B44E-47BD-BF17-0BC0FB63B34D}.Debug|Any CPU.Build.0 = Debug|Any CPU
		{409C8332-B44E-47BD-BF17-0BC0FB63B34D}.Release|Any CPU.ActiveCfg = Release|Any CPU
		{409C8332-B44E-47BD-BF17-0BC0FB63B34D}.Release|Any CPU.Build.0 = Release|Any CPU
		{E2AD4B67-E092-4372-B485-097ABC9AF453}.Debug|Any CPU.ActiveCfg = Debug|Any CPU
		{E2AD4B67-E092-4372-B485-097ABC9AF453}.Debug|Any CPU.Build.0 = Debug|Any CPU
		{E2AD4B67-E092-4372-B485-097ABC9AF453}.Release|Any CPU.ActiveCfg = Release|Any CPU
		{E2AD4B67-E092-4372-B485-097ABC9AF453}.Release|Any CPU.Build.0 = Release|Any CPU
		{2192256E-9C1C-4636-BA69-23E330F46E25}.Debug|Any CPU.ActiveCfg = Debug|Any CPU
		{2192256E-9C1C-4636-BA69-23E330F46E25}.Debug|Any CPU.Build.0 = Debug|Any CPU
		{2192256E-9C1C-4636-BA69-23E330F46E25}.Release|Any CPU.ActiveCfg = Release|Any CPU
		{2192256E-9C1C-4636-BA69-23E330F46E25}.Release|Any CPU.Build.0 = Release|Any CPU
		{170F0501-2759-4312-A5F1-562FA17F8028}.Debug|Any CPU.ActiveCfg = Debug|Any CPU
		{170F0501-2759-4312-A5F1-562FA17F8028}.Debug|Any CPU.Build.0 = Debug|Any CPU
		{170F0501-2759-4312-A5F1-562FA17F8028}.Release|Any CPU.ActiveCfg = Release|Any CPU
		{170F0501-2759-4312-A5F1-562FA17F8028}.Release|Any CPU.Build.0 = Release|Any CPU
	EndGlobalSection
	GlobalSection(SolutionProperties) = preSolution
		HideSolutionNode = FALSE
	EndGlobalSection
	GlobalSection(ExtensibilityGlobals) = postSolution
		SolutionGuid = {AA8ED6CF-EDBD-43BF-A0AF-557DA7D53E82}
	EndGlobalSection
EndGlobal
